
Microsoft Visual Studio Solution File, Format Version 12.00
# Visual Studio Version 16
VisualStudioVersion = 16.0.29806.167
MinimumVisualStudioVersion = 10.0.40219.1
Project("{9A19103F-16F7-4668-BE54-9A1E7A4F7556}") = "PSK.Model", "PSK.Model\PSK.Model.csproj", "{466731B2-CC5B-4F32-A9D6-2B7492E45BB8}"
EndProject
Project("{9A19103F-16F7-4668-BE54-9A1E7A4F7556}") = "PSK.UI", "PSK.UII\PSK.UI.csproj", "{A6EB0AF8-F702-45C6-A8B2-116BCC7E00F2}"
EndProject
Global
	GlobalSection(SolutionConfigurationPlatforms) = preSolution
		Debug|Any CPU = Debug|Any CPU
		Release|Any CPU = Release|Any CPU
	EndGlobalSection
	GlobalSection(ProjectConfigurationPlatforms) = postSolution
		{466731B2-CC5B-4F32-A9D6-2B7492E45BB8}.Debug|Any CPU.ActiveCfg = Debug|Any CPU
		{466731B2-CC5B-4F32-A9D6-2B7492E45BB8}.Debug|Any CPU.Build.0 = Debug|Any CPU
		{466731B2-CC5B-4F32-A9D6-2B7492E45BB8}.Release|Any CPU.ActiveCfg = Release|Any CPU
		{466731B2-CC5B-4F32-A9D6-2B7492E45BB8}.Release|Any CPU.Build.0 = Release|Any CPU
		{A6EB0AF8-F702-45C6-A8B2-116BCC7E00F2}.Debug|Any CPU.ActiveCfg = Debug|Any CPU
		{A6EB0AF8-F702-45C6-A8B2-116BCC7E00F2}.Debug|Any CPU.Build.0 = Debug|Any CPU
		{A6EB0AF8-F702-45C6-A8B2-116BCC7E00F2}.Release|Any CPU.ActiveCfg = Release|Any CPU
		{A6EB0AF8-F702-45C6-A8B2-116BCC7E00F2}.Release|Any CPU.Build.0 = Release|Any CPU
	EndGlobalSection
	GlobalSection(SolutionProperties) = preSolution
		HideSolutionNode = FALSE
	EndGlobalSection
	GlobalSection(ExtensibilityGlobals) = postSolution
		SolutionGuid = {30E52D72-5F11-4266-AD8C-CD231D78CD66}
	EndGlobalSection
EndGlobal
